
Microsoft Visual Studio Solution File, Format Version 12.00
# Visual Studio Version 17
VisualStudioVersion = 17.0.31903.59
MinimumVisualStudioVersion = 10.0.40219.1
Project("{2150E333-8FDC-42A3-9474-1A3956D46DE8}") = "cs", "cs", "{06E47335-D568-4EE2-A309-0F8316321F7F}"
EndProject
Project("{FAE04EC0-301F-11D3-BF4B-00C04F79EFBC}") = "ConsoleApp1", "cs\ConsoleApp1\ConsoleApp1.csproj", "{18D00E05-9DB2-4317-9D4F-E0BF04E18D30}"
EndProject
Global
	GlobalSection(SolutionConfigurationPlatforms) = preSolution
		Debug|Any CPU = Debug|Any CPU
		Release|Any CPU = Release|Any CPU
	EndGlobalSection
	GlobalSection(SolutionProperties) = preSolution
		HideSolutionNode = FALSE
	EndGlobalSection
	GlobalSection(ProjectConfigurationPlatforms) = postSolution
		{18D00E05-9DB2-4317-9D4F-E0BF04E18D30}.Debug|Any CPU.ActiveCfg = Debug|Any CPU
		{18D00E05-9DB2-4317-9D4F-E0BF04E18D30}.Debug|Any CPU.Build.0 = Debug|Any CPU
		{18D00E05-9DB2-4317-9D4F-E0BF04E18D30}.Release|Any CPU.ActiveCfg = Release|Any CPU
		{18D00E05-9DB2-4317-9D4F-E0BF04E18D30}.Release|Any CPU.Build.0 = Release|Any CPU
	EndGlobalSection
	GlobalSection(NestedProjects) = preSolution
		{18D00E05-9DB2-4317-9D4F-E0BF04E18D30} = {06E47335-D568-4EE2-A309-0F8316321F7F}
	EndGlobalSection
EndGlobal
